
Microsoft Visual Studio Solution File, Format Version 12.00
# Visual Studio Version 16
VisualStudioVersion = 16.0.30011.22
MinimumVisualStudioVersion = 10.0.40219.1
Project("{FAE04EC0-301F-11D3-BF4B-00C04F79EFBC}") = "Teste", "Teste\Teste.csproj", "{E23DDA47-2657-46A9-B52C-53B7DCF1C3AA}"
EndProject
Global
	GlobalSection(SolutionConfigurationPlatforms) = preSolution
		Debug|Any CPU = Debug|Any CPU
		Release|Any CPU = Release|Any CPU
	EndGlobalSection
	GlobalSection(ProjectConfigurationPlatforms) = postSolution
		{E23DDA47-2657-46A9-B52C-53B7DCF1C3AA}.Debug|Any CPU.ActiveCfg = Debug|Any CPU
		{E23DDA47-2657-46A9-B52C-53B7DCF1C3AA}.Debug|Any CPU.Build.0 = Debug|Any CPU
		{E23DDA47-2657-46A9-B52C-53B7DCF1C3AA}.Release|Any CPU.ActiveCfg = Release|Any CPU
		{E23DDA47-2657-46A9-B52C-53B7DCF1C3AA}.Release|Any CPU.Build.0 = Release|Any CPU
	EndGlobalSection
	GlobalSection(SolutionProperties) = preSolution
		HideSolutionNode = FALSE
	EndGlobalSection
	GlobalSection(ExtensibilityGlobals) = postSolution
		SolutionGuid = {8869C890-892C-4455-AD38-E6F93E17FE06}
	EndGlobalSection
EndGlobal
